
Microsoft Visual Studio Solution File, Format Version 12.00
# Visual Studio 15
VisualStudioVersion = 15.0.28307.136
MinimumVisualStudioVersion = 10.0.40219.1
Project("{FAE04EC0-301F-11D3-BF4B-00C04F79EFBC}") = "TestGit", "TestGit\TestGit.csproj", "{370EE794-4853-4C3C-AE03-B7300944C5D0}"
EndProject
Global
	GlobalSection(SolutionConfigurationPlatforms) = preSolution
		Debug|Any CPU = Debug|Any CPU
		Release|Any CPU = Release|Any CPU
	EndGlobalSection
	GlobalSection(ProjectConfigurationPlatforms) = postSolution
		{370EE794-4853-4C3C-AE03-B7300944C5D0}.Debug|Any CPU.ActiveCfg = Debug|Any CPU
		{370EE794-4853-4C3C-AE03-B7300944C5D0}.Debug|Any CPU.Build.0 = Debug|Any CPU
		{370EE794-4853-4C3C-AE03-B7300944C5D0}.Release|Any CPU.ActiveCfg = Release|Any CPU
		{370EE794-4853-4C3C-AE03-B7300944C5D0}.Release|Any CPU.Build.0 = Release|Any CPU
	EndGlobalSection
	GlobalSection(SolutionProperties) = preSolution
		HideSolutionNode = FALSE
	EndGlobalSection
	GlobalSection(ExtensibilityGlobals) = postSolution
		SolutionGuid = {38D079B9-EBBA-4DB4-811F-19A0679398C2}
	EndGlobalSection
EndGlobal
